
Microsoft Visual Studio Solution File, Format Version 11.00
# Visual Studio 2010
Project("{8BC9CEB8-8B4A-11D0-8D11-00A0C91BC942}") = "homework", "homework\homework.vcxproj", "{2CDF3F16-6EB1-4102-8528-4397EFB1B456}"
EndProject
Global
	GlobalSection(SolutionConfigurationPlatforms) = preSolution
		Debug|Win32 = Debug|Win32
		Release|Win32 = Release|Win32
	EndGlobalSection
	GlobalSection(ProjectConfigurationPlatforms) = postSolution
		{2CDF3F16-6EB1-4102-8528-4397EFB1B456}.Debug|Win32.ActiveCfg = Debug|Win32
		{2CDF3F16-6EB1-4102-8528-4397EFB1B456}.Debug|Win32.Build.0 = Debug|Win32
		{2CDF3F16-6EB1-4102-8528-4397EFB1B456}.Release|Win32.ActiveCfg = Release|Win32
		{2CDF3F16-6EB1-4102-8528-4397EFB1B456}.Release|Win32.Build.0 = Release|Win32
	EndGlobalSection
	GlobalSection(SolutionProperties) = preSolution
		HideSolutionNode = FALSE
	EndGlobalSection
EndGlobal
